
Microsoft Visual Studio Solution File, Format Version 12.00
# Visual Studio Version 17
VisualStudioVersion = 17.14.37027.9 d17.14
MinimumVisualStudioVersion = 10.0.40219.1
Project("{FAE04EC0-301F-11D3-BF4B-00C04F79EFBC}") = "SetOperationsInHashSet", "SetOperationsInHashSet.csproj", "{B469228A-79B1-488C-9B4F-34B77C735E65}"
EndProject
Global
	GlobalSection(SolutionConfigurationPlatforms) = preSolution
		Debug|Any CPU = Debug|Any CPU
		Release|Any CPU = Release|Any CPU
	EndGlobalSection
	GlobalSection(ProjectConfigurationPlatforms) = postSolution
		{B469228A-79B1-488C-9B4F-34B77C735E65}.Debug|Any CPU.ActiveCfg = Debug|Any CPU
		{B469228A-79B1-488C-9B4F-34B77C735E65}.Debug|Any CPU.Build.0 = Debug|Any CPU
		{B469228A-79B1-488C-9B4F-34B77C735E65}.Release|Any CPU.ActiveCfg = Release|Any CPU
		{B469228A-79B1-488C-9B4F-34B77C735E65}.Release|Any CPU.Build.0 = Release|Any CPU
	EndGlobalSection
	GlobalSection(SolutionProperties) = preSolution
		HideSolutionNode = FALSE
	EndGlobalSection
	GlobalSection(ExtensibilityGlobals) = postSolution
		SolutionGuid = {8D288CE4-FB5D-4591-B67D-A9445BF59823}
	EndGlobalSection
EndGlobal
