
Microsoft Visual Studio Solution File, Format Version 12.00
# Visual Studio Version 17
VisualStudioVersion = 17.14.37027.9 d17.14
MinimumVisualStudioVersion = 10.0.40219.1
Project("{FAE04EC0-301F-11D3-BF4B-00C04F79EFBC}") = "ICollection1", "ICollection1.csproj", "{3AE2E6DD-6289-45E7-834C-E7AA17A50BDC}"
EndProject
Global
	GlobalSection(SolutionConfigurationPlatforms) = preSolution
		Debug|Any CPU = Debug|Any CPU
		Release|Any CPU = Release|Any CPU
	EndGlobalSection
	GlobalSection(ProjectConfigurationPlatforms) = postSolution
		{3AE2E6DD-6289-45E7-834C-E7AA17A50BDC}.Debug|Any CPU.ActiveCfg = Debug|Any CPU
		{3AE2E6DD-6289-45E7-834C-E7AA17A50BDC}.Debug|Any CPU.Build.0 = Debug|Any CPU
		{3AE2E6DD-6289-45E7-834C-E7AA17A50BDC}.Release|Any CPU.ActiveCfg = Release|Any CPU
		{3AE2E6DD-6289-45E7-834C-E7AA17A50BDC}.Release|Any CPU.Build.0 = Release|Any CPU
	EndGlobalSection
	GlobalSection(SolutionProperties) = preSolution
		HideSolutionNode = FALSE
	EndGlobalSection
	GlobalSection(ExtensibilityGlobals) = postSolution
		SolutionGuid = {9DCE2F56-146D-4B9A-8E8A-5C62270996B5}
	EndGlobalSection
EndGlobal
