
Microsoft Visual Studio Solution File, Format Version 12.00
# Visual Studio Version 17
VisualStudioVersion = 17.14.37027.9 d17.14
MinimumVisualStudioVersion = 10.0.40219.1
Project("{FAE04EC0-301F-11D3-BF4B-00C04F79EFBC}") = "GeneralTree1", "GeneralTree1.csproj", "{C63A3607-79D8-4561-A927-62628AA8C508}"
EndProject
Global
	GlobalSection(SolutionConfigurationPlatforms) = preSolution
		Debug|Any CPU = Debug|Any CPU
		Release|Any CPU = Release|Any CPU
	EndGlobalSection
	GlobalSection(ProjectConfigurationPlatforms) = postSolution
		{C63A3607-79D8-4561-A927-62628AA8C508}.Debug|Any CPU.ActiveCfg = Debug|Any CPU
		{C63A3607-79D8-4561-A927-62628AA8C508}.Debug|Any CPU.Build.0 = Debug|Any CPU
		{C63A3607-79D8-4561-A927-62628AA8C508}.Release|Any CPU.ActiveCfg = Release|Any CPU
		{C63A3607-79D8-4561-A927-62628AA8C508}.Release|Any CPU.Build.0 = Release|Any CPU
	EndGlobalSection
	GlobalSection(SolutionProperties) = preSolution
		HideSolutionNode = FALSE
	EndGlobalSection
	GlobalSection(ExtensibilityGlobals) = postSolution
		SolutionGuid = {CCF03751-375D-4EAC-9749-220AD3DB607C}
	EndGlobalSection
EndGlobal
