
Microsoft Visual Studio Solution File, Format Version 12.00
# Visual Studio Version 17
VisualStudioVersion = 17.14.37027.9 d17.14
MinimumVisualStudioVersion = 10.0.40219.1
Project("{FAE04EC0-301F-11D3-BF4B-00C04F79EFBC}") = "IComparable1", "IComparable1.csproj", "{B8B97977-56FC-4E1F-86A0-C4ED3F2F1A28}"
EndProject
Global
	GlobalSection(SolutionConfigurationPlatforms) = preSolution
		Debug|Any CPU = Debug|Any CPU
		Release|Any CPU = Release|Any CPU
	EndGlobalSection
	GlobalSection(ProjectConfigurationPlatforms) = postSolution
		{B8B97977-56FC-4E1F-86A0-C4ED3F2F1A28}.Debug|Any CPU.ActiveCfg = Debug|Any CPU
		{B8B97977-56FC-4E1F-86A0-C4ED3F2F1A28}.Debug|Any CPU.Build.0 = Debug|Any CPU
		{B8B97977-56FC-4E1F-86A0-C4ED3F2F1A28}.Release|Any CPU.ActiveCfg = Release|Any CPU
		{B8B97977-56FC-4E1F-86A0-C4ED3F2F1A28}.Release|Any CPU.Build.0 = Release|Any CPU
	EndGlobalSection
	GlobalSection(SolutionProperties) = preSolution
		HideSolutionNode = FALSE
	EndGlobalSection
	GlobalSection(ExtensibilityGlobals) = postSolution
		SolutionGuid = {884F544D-0293-4018-A848-2AAD2CDD824A}
	EndGlobalSection
EndGlobal
